<?xml version="1.0" encoding="utf-8"?>
<Project ToolsVersion="4.0" xmlns="http://schemas.microsoft.com/developer/msbuild/2003">
  <ItemGroup>
    <Filter Include="Source Files">
      <UniqueIdentifier>{4FC737F1-C7A5-4376-A066-2A32D752A2FF}</UniqueIdentifier>
      <Extensions>cpp;c;cc;cxx;def;odl;idl;hpj;bat;asm;asmx</Extensions>
    </Filter>
    <Filter Include="Header Files">
      <UniqueIdentifier>{93995380-89BD-4b04-88EB-625FBE52EBFB}</UniqueIdentifier>
      <Extensions>h;hh;hpp;hxx;hm;inl;inc;xsd</Extensions>
    </Filter>
    <Filter Include="Resource Files">
      <UniqueIdentifier>{67DA6AB6-F800-4c08-8B7A-83BB121AAD01}</UniqueIdentifier>
      <Extensions>rc;ico;cur;bmp;dlg;rc2;rct;bin;rgs;gif;jpg;jpeg;jpe;resx;tiff;tif;png;wav</Extensions>
    </Filter>
  </ItemGroup>
  <ItemGroup>
    <ClCompile Include="main.cpp">
      <Filter>Source Files</Filter>
    </ClCompile>
    <ClCompile Include="exceptions\FileNotFound.cpp">
      <Filter>Source Files</Filter>
    </ClCompile>
    <ClCompile Include="exceptions\InvalidInput.cpp">
      <Filter>Source Files</Filter>
    </ClCompile>
    <ClCompile Include="model\Combo.cpp">
      <Filter>Source Files</Filter>
    </ClCompile>
    <ClCompile Include="model\Pizza.cpp">
      <Filter>Source Files</Filter>
    </ClCompile>
    <ClCompile Include="model\PizzaRepository.cpp">
      <Filter>Source Files</Filter>
    </ClCompile>
    <ClCompile Include="model\Topping.cpp">
      <Filter>Source Files</Filter>
    </ClCompile>
    <ClCompile Include="repo\AdminRepository.cpp">
      <Filter>Source Files</Filter>
    </ClCompile>
    <ClCompile Include="repo\ComboRepository.cpp">
      <Filter>Source Files</Filter>
    </ClCompile>
    <ClCompile Include="repo\DrinkRepository.cpp">
      <Filter>Source Files</Filter>
    </ClCompile>
    <ClCompile Include="repo\OrderRepository.cpp">
      <Filter>Source Files</Filter>
    </ClCompile>
    <ClCompile Include="repo\PizzaRepository.cpp">
      <Filter>Source Files</Filter>
    </ClCompile>
    <ClCompile Include="repo\SideDishRepository.cpp">
      <Filter>Source Files</Filter>
    </ClCompile>
    <ClCompile Include="repo\ToppingRepository.cpp">
      <Filter>Source Files</Filter>
    </ClCompile>
    <ClCompile Include="service\AdminService.cpp">
      <Filter>Source Files</Filter>
    </ClCompile>
    <ClCompile Include="service\DrinkService.cpp">
      <Filter>Source Files</Filter>
    </ClCompile>
    <ClCompile Include="service\OrderService.cpp">
      <Filter>Source Files</Filter>
    </ClCompile>
    <ClCompile Include="service\PizzaService.cpp">
      <Filter>Source Files</Filter>
    </ClCompile>
    <ClCompile Include="service\SideDishService.cpp">
      <Filter>Source Files</Filter>
    </ClCompile>
    <ClCompile Include="service\ToppingService.cpp">
      <Filter>Source Files</Filter>
    </ClCompile>
    <ClCompile Include="ui\AdminUI.cpp">
      <Filter>Source Files</Filter>
    </ClCompile>
    <ClCompile Include="ui\MainUI.cpp">
      <Filter>Source Files</Filter>
    </ClCompile>
    <ClCompile Include="ui\PizzaUI.cpp">
      <Filter>Source Files</Filter>
    </ClCompile>
  </ItemGroup>
  <ItemGroup>
    <ClInclude Include="main.h">
      <Filter>Header Files</Filter>
    </ClInclude>
    <ClInclude Include="exceptions\FileNotFound.h">
      <Filter>Header Files</Filter>
    </ClInclude>
    <ClInclude Include="exceptions\InvalidInput.h">
      <Filter>Header Files</Filter>
    </ClInclude>
    <ClInclude Include="model\Combo.h">
      <Filter>Header Files</Filter>
    </ClInclude>
    <ClInclude Include="model\Pizza.h">
      <Filter>Header Files</Filter>
    </ClInclude>
    <ClInclude Include="model\PizzaRepository.h">
      <Filter>Header Files</Filter>
    </ClInclude>
    <ClInclude Include="model\Topping.h">
      <Filter>Header Files</Filter>
    </ClInclude>
    <ClInclude Include="repo\AdminRepository.h">
      <Filter>Header Files</Filter>
    </ClInclude>
    <ClInclude Include="repo\ComboRepository.h">
      <Filter>Header Files</Filter>
    </ClInclude>
    <ClInclude Include="repo\DrinkRepository.h">
      <Filter>Header Files</Filter>
    </ClInclude>
    <ClInclude Include="repo\OrderRepository.h">
      <Filter>Header Files</Filter>
    </ClInclude>
    <ClInclude Include="repo\PizzaRepository.h">
      <Filter>Header Files</Filter>
    </ClInclude>
    <ClInclude Include="repo\SideDishRepository.h">
      <Filter>Header Files</Filter>
    </ClInclude>
    <ClInclude Include="repo\ToppingRepository.h">
      <Filter>Header Files</Filter>
    </ClInclude>
    <ClInclude Include="service\AdminService.h">
      <Filter>Header Files</Filter>
    </ClInclude>
    <ClInclude Include="service\DrinkService.h">
      <Filter>Header Files</Filter>
    </ClInclude>
    <ClInclude Include="service\OrderService.h">
      <Filter>Header Files</Filter>
    </ClInclude>
    <ClInclude Include="service\PizzaService.h">
      <Filter>Header Files</Filter>
    </ClInclude>
    <ClInclude Include="service\SideDishService.h">
      <Filter>Header Files</Filter>
    </ClInclude>
    <ClInclude Include="service\ToppingService.h">
      <Filter>Header Files</Filter>
    </ClInclude>
    <ClInclude Include="ui\AdminUI.h">
      <Filter>Header Files</Filter>
    </ClInclude>
    <ClInclude Include="ui\MainUI.h">
      <Filter>Header Files</Filter>
    </ClInclude>
    <ClInclude Include="ui\PizzaUI.h">
      <Filter>Header Files</Filter>
    </ClInclude>
  </ItemGroup>
</Project>