<?xml version="1.0" encoding="UTF-8" standalone="yes" ?>
<CodeBlocks_project_file>
	<FileVersion major="1" minor="6" />
	<Project>
		<Option title="vln2" />
		<Option pch_mode="2" />
		<Option compiler="gcc" />
		<Build>
			<Target title="Debug">
				<Option output="bin/Debug/vln2" prefix_auto="1" extension_auto="1" />
				<Option object_output="obj/Debug/" />
				<Option type="1" />
				<Option compiler="gcc" />
				<Compiler>
					<Add option="-g" />
					<Add directory="include/models" />
					<Add directory="include/ui" />
					<Add directory="include/services" />
					<Add directory="include/repository" />
				</Compiler>
			</Target>
			<Target title="Release">
				<Option output="bin/Release/vln2" prefix_auto="1" extension_auto="1" />
				<Option object_output="obj/Release/" />
				<Option type="1" />
				<Option compiler="gcc" />
				<Compiler>
					<Add option="-O2" />
					<Add directory="include/models" />
					<Add directory="include/ui" />
					<Add directory="include/services" />
					<Add directory="include/repository" />
				</Compiler>
				<Linker>
					<Add option="-s" />
				</Linker>
			</Target>
		</Build>
		<Compiler>
			<Add option="-Wall" />
			<Add option="-fexceptions" />
		</Compiler>
		<Unit filename="include/models/Employee.h" />
		<Unit filename="include/models/Salary.h" />
		<Unit filename="include/repository/Employee_Repository.h" />
		<Unit filename="include/services/Employee_Service.h" />
		<Unit filename="include/ui/MainUI.h" />
		<Unit filename="main.cpp" />
		<Unit filename="src/models/Employee.cpp" />
		<Unit filename="src/models/Salary.cpp" />
		<Unit filename="src/repository/Employee_Repository.cpp" />
		<Unit filename="src/services/Employee_Service.cpp" />
		<Unit filename="src/ui/MainUI.cpp" />
		<Extensions>
			<code_completion />
			<envvars />
			<debugger />
		</Extensions>
	</Project>
</CodeBlocks_project_file>
